# THIS IS AN AUTOGENERATED FILE. DO NOT EDIT THIS FILE DIRECTLY.
# yarn lockfile v1


"@babel/helper-validator-identifier@^7.10.4":
  version "7.10.4"
  resolved "https://registry.npm.taobao.org/@babel/helper-validator-identifier/download/@babel/helper-validator-identifier-7.10.4.tgz#a78c7a7251e01f616512d31b10adcf52ada5e0d2"
  integrity sha1-p4x6clHgH2FlEtMbEK3PUq2l4NI=

"@babel/parser@^7.10.4":
  version "7.10.5"
  resolved "https://registry.yarnpkg.com/@babel/parser/-/parser-7.10.5.tgz#e7c6bf5a7deff957cec9f04b551e2762909d826b"
  integrity sha512-wfryxy4bE1UivvQKSQDU4/X6dr+i8bctjUjj8Zyt3DQy7NtPizJXT8M52nqpNKL+nq2PW8lxk4ZqLj0fD4B4hQ==

"@babel/types@^7.10.4":
  version "7.10.5"
  resolved "https://registry.yarnpkg.com/@babel/types/-/types-7.10.5.tgz#d88ae7e2fde86bfbfe851d4d81afa70a997b5d15"
  integrity sha512-ixV66KWfCI6GKoA/2H9v6bQdbfXEwwpOdQ8cRvb4F+eyvhlaHxWFMQB4+3d9QFJXZsiiiqVrewNV0DFEQpyT4Q==
  dependencies:
    "@babel/helper-validator-identifier" "^7.10.4"
    lodash "^4.17.19"
    to-fast-properties "^2.0.0"

"@vue/compiler-core@3.0.0-rc.2":
  version "3.0.0-rc.2"
  resolved "https://registry.yarnpkg.com/@vue/compiler-core/-/compiler-core-3.0.0-rc.2.tgz#6005b793ac12d2d053590871faa04a26997ba2eb"
  integrity sha512-FPPNTd20Y8U5RWyXHWOC22gpSnaFz8V2zDq+f1AQ6xTTRD09qFw7wJ8T50mnVgeXgYbACMnD+RXOAAwYfB6ijQ==
  dependencies:
    "@babel/parser" "^7.10.4"
    "@babel/types" "^7.10.4"
    "@vue/shared" "3.0.0-rc.2"
    estree-walker "^2.0.1"
    source-map "^0.6.1"

"@vue/compiler-dom@3.0.0-rc.2":
  version "3.0.0-rc.2"
  resolved "https://registry.yarnpkg.com/@vue/compiler-dom/-/compiler-dom-3.0.0-rc.2.tgz#e56ea950d946ab316755fd1fcabfa627c6741ba3"
  integrity sha512-38iflPPoZtbPBBLDI9q2xP3MQAnUIQFs9aRwSMJqDI0PxEvB2J9O6o5bBtN7QIorL5KnxDO9LLz+RuCgmFIQVQ==
  dependencies:
    "@vue/compiler-core" "3.0.0-rc.2"
    "@vue/shared" "3.0.0-rc.2"

"@vue/reactivity@3.0.0-rc.2":
  version "3.0.0-rc.2"
  resolved "https://registry.yarnpkg.com/@vue/reactivity/-/reactivity-3.0.0-rc.2.tgz#c019c996a9b8f9cdf7424934773b1e0ca96a91a9"
  integrity sha512-kgnBKzX74sV/Zc2iS5Zp+QwlctMBplsw7LAogGr2K2BrkfjqXSBr4yag/m8poGmceVMNm6/wFsWrOEnbL0hyZQ==
  dependencies:
    "@vue/shared" "3.0.0-rc.2"

"@vue/runtime-core@3.0.0-rc.2":
  version "3.0.0-rc.2"
  resolved "https://registry.yarnpkg.com/@vue/runtime-core/-/runtime-core-3.0.0-rc.2.tgz#ba909da4eebdf319a4d49c0147a825afa9179a9f"
  integrity sha512-NNeFIkW0IQCuqp77XcgqsYdME7wr6ab6RcSmu9ZSKcEZbqhL+0PVioCjfyMW6Sa+35ng6PegocNbOp++vXIQ9g==
  dependencies:
    "@vue/reactivity" "3.0.0-rc.2"
    "@vue/shared" "3.0.0-rc.2"

"@vue/runtime-dom@3.0.0-rc.2":
  version "3.0.0-rc.2"
  resolved "https://registry.yarnpkg.com/@vue/runtime-dom/-/runtime-dom-3.0.0-rc.2.tgz#be660bd208c2fd4cd2f73b71617c2da8a7b48d50"
  integrity sha512-VvT06p5Qm29LdyX+jvEMXgqD5/2PfeftnkIPbLRjvmpcZTxmdm1GmitLfbv2YQvOPUDWjVBmjJ1SHJkdI0SDhg==
  dependencies:
    "@vue/runtime-core" "3.0.0-rc.2"
    "@vue/shared" "3.0.0-rc.2"
    csstype "^2.6.8"

"@vue/shared@3.0.0-rc.2":
  version "3.0.0-rc.2"
  resolved "https://registry.yarnpkg.com/@vue/shared/-/shared-3.0.0-rc.2.tgz#bffe0a53eb2f6ce50def4613a6963e948c29ed83"
  integrity sha512-lJ1jb5PEDoSTosKdOyFh9/GpSFY/d9HXkG126aJXM4WgvJaf+OVKUWKZSgqolKLLIOJHG9ZcQt4OQyoktMenBg==

csstype@^2.6.8:
  version "2.6.11"
  resolved "https://registry.npm.taobao.org/csstype/download/csstype-2.6.11.tgz?cache=0&sync_timestamp=1593599889794&other_urls=https%3A%2F%2Fregistry.npm.taobao.org%2Fcsstype%2Fdownload%2Fcsstype-2.6.11.tgz#452f4d024149ecf260a852b025e36562a253ffc5"
  integrity sha1-RS9NAkFJ7PJgqFKwJeNlYqJT/8U=

estree-walker@^2.0.1:
  version "2.0.1"
  resolved "https://registry.npm.taobao.org/estree-walker/download/estree-walker-2.0.1.tgz#f8e030fb21cefa183b44b7ad516b747434e7a3e0"
  integrity sha1-+OAw+yHO+hg7RLetUWt0dDTno+A=

lodash@^4.17.19:
  version "4.17.19"
  resolved "https://registry.yarnpkg.com/lodash/-/lodash-4.17.19.tgz#e48ddedbe30b3321783c5b4301fbd353bc1e4a4b"
  integrity sha512-JNvd8XER9GQX0v2qJgsaN/mzFCNA5BRe/j8JN9d+tWyGLSodKQHKFicdwNYzWwI3wjRnaKPsGj1XkBjx/F96DQ==

source-map@^0.6.1:
  version "0.6.1"
  resolved "https://registry.npm.taobao.org/source-map/download/source-map-0.6.1.tgz#74722af32e9614e9c287a8d0bbde48b5e2f1a263"
  integrity sha1-dHIq8y6WFOnCh6jQu95IteLxomM=

to-fast-properties@^2.0.0:
  version "2.0.0"
  resolved "https://registry.npm.taobao.org/to-fast-properties/download/to-fast-properties-2.0.0.tgz#dc5e698cbd079265bc73e0377681a4e4e83f616e"
  integrity sha1-3F5pjL0HkmW8c+A3doGk5Og/YW4=

vue@^3.0.0-beta.18:
  version "3.0.0-rc.2"
  resolved "https://registry.yarnpkg.com/vue/-/vue-3.0.0-rc.2.tgz#7eb0858e575051ac612bee6547bdd21b0f63d717"
  integrity sha512-syYidmtdfAz2aN1q7F/TlyPZdRXjIbp/QnpetWwhoBaOQOnqm+dHN5KwN8xBF+eUE4ys4aO8rrv7ulTQ4l8rFQ==
  dependencies:
    "@vue/compiler-dom" "3.0.0-rc.2"
    "@vue/runtime-dom" "3.0.0-rc.2"
    "@vue/shared" "3.0.0-rc.2"
